
Microsoft Visual Studio Solution File, Format Version 12.00
# Visual Studio Version 16
VisualStudioVersion = 16.0.30621.155
MinimumVisualStudioVersion = 10.0.40219.1
Project("{FAE04EC0-301F-11D3-BF4B-00C04F79EFBC}") = "Core", "Core\Core.csproj", "{052F1EA1-6212-4E03-A96F-4A68428A1157}"
EndProject
Project("{FAE04EC0-301F-11D3-BF4B-00C04F79EFBC}") = "UI", "UI\UI.csproj", "{7CCD47DE-E7D0-4A2B-9CB2-5BB8A712C5A0}"
EndProject
Global
	GlobalSection(SolutionConfigurationPlatforms) = preSolution
		Debug|Any CPU = Debug|Any CPU
		Release|Any CPU = Release|Any CPU
	EndGlobalSection
	GlobalSection(ProjectConfigurationPlatforms) = postSolution
		{052F1EA1-6212-4E03-A96F-4A68428A1157}.Debug|Any CPU.ActiveCfg = Debug|Any CPU
		{052F1EA1-6212-4E03-A96F-4A68428A1157}.Debug|Any CPU.Build.0 = Debug|Any CPU
		{052F1EA1-6212-4E03-A96F-4A68428A1157}.Release|Any CPU.ActiveCfg = Release|Any CPU
		{052F1EA1-6212-4E03-A96F-4A68428A1157}.Release|Any CPU.Build.0 = Release|Any CPU
		{7CCD47DE-E7D0-4A2B-9CB2-5BB8A712C5A0}.Debug|Any CPU.ActiveCfg = Debug|Any CPU
		{7CCD47DE-E7D0-4A2B-9CB2-5BB8A712C5A0}.Debug|Any CPU.Build.0 = Debug|Any CPU
		{7CCD47DE-E7D0-4A2B-9CB2-5BB8A712C5A0}.Release|Any CPU.ActiveCfg = Release|Any CPU
		{7CCD47DE-E7D0-4A2B-9CB2-5BB8A712C5A0}.Release|Any CPU.Build.0 = Release|Any CPU
	EndGlobalSection
	GlobalSection(SolutionProperties) = preSolution
		HideSolutionNode = FALSE
	EndGlobalSection
	GlobalSection(ExtensibilityGlobals) = postSolution
		SolutionGuid = {C44A4CCC-B0C4-4E1F-8031-54405334C47F}
	EndGlobalSection
EndGlobal
